
Microsoft Visual Studio Solution File, Format Version 12.00
# Visual Studio Version 17
VisualStudioVersion = 17.2.32602.215
MinimumVisualStudioVersion = 10.0.40219.1
Project("{FAE04EC0-301F-11D3-BF4B-00C04F79EFBC}") = "POC-consumindo-pokeAPI", "POC-consumindo-pokeAPI\POC-consumindo-pokeAPI.csproj", "{8F1F3485-0C6A-4404-AE3B-EFC028C2FC02}"
EndProject
Global
	GlobalSection(SolutionConfigurationPlatforms) = preSolution
		Debug|Any CPU = Debug|Any CPU
		Release|Any CPU = Release|Any CPU
	EndGlobalSection
	GlobalSection(ProjectConfigurationPlatforms) = postSolution
		{8F1F3485-0C6A-4404-AE3B-EFC028C2FC02}.Debug|Any CPU.ActiveCfg = Debug|Any CPU
		{8F1F3485-0C6A-4404-AE3B-EFC028C2FC02}.Debug|Any CPU.Build.0 = Debug|Any CPU
		{8F1F3485-0C6A-4404-AE3B-EFC028C2FC02}.Release|Any CPU.ActiveCfg = Release|Any CPU
		{8F1F3485-0C6A-4404-AE3B-EFC028C2FC02}.Release|Any CPU.Build.0 = Release|Any CPU
	EndGlobalSection
	GlobalSection(SolutionProperties) = preSolution
		HideSolutionNode = FALSE
	EndGlobalSection
	GlobalSection(ExtensibilityGlobals) = postSolution
		SolutionGuid = {D60B964E-5766-4324-A397-8D9CBCD67144}
	EndGlobalSection
EndGlobal
